Microsoft Visual Studio Solution File, Format Version 12.00
# Visual Studio Version 18
VisualStudioVersion = 18.3.11520.95
MinimumVisualStudioVersion = 10.0.40219.1
Project("{FAE04EC0-301F-11D3-BF4B-00C04F79EFBC}") = "C# Text Adventure", "C# Text Adventure\C# Text Adventure.csproj", "{FBA4DDA3-8CE5-C338-CD82-D7B1244C3F07}"
EndProject
Project("{FAE04EC0-301F-11D3-BF4B-00C04F79EFBC}") = "PluginContract", "PluginContract\PluginContract.csproj", "{A0571080-ACA4-4D91-BE70-956D2DE999C4}"
EndProject
Project("{FAE04EC0-301F-11D3-BF4B-00C04F79EFBC}") = "BaseGame", "BaseGame\BaseGame.csproj", "{AEA0A2BF-B5A3-4997-A98B-FDA0CB6C21D4}"
EndProject
Global
	GlobalSection(SolutionConfigurationPlatforms) = preSolution
		Debug|Any CPU = Debug|Any CPU
		Release|Any CPU = Release|Any CPU
	EndGlobalSection
	GlobalSection(ProjectConfigurationPlatforms) = postSolution
		{FBA4DDA3-8CE5-C338-CD82-D7B1244C3F07}.Debug|Any CPU.ActiveCfg = Debug|Any CPU
		{FBA4DDA3-8CE5-C338-CD82-D7B1244C3F07}.Debug|Any CPU.Build.0 = Debug|Any CPU
		{FBA4DDA3-8CE5-C338-CD82-D7B1244C3F07}.Release|Any CPU.ActiveCfg = Release|Any CPU
		{FBA4DDA3-8CE5-C338-CD82-D7B1244C3F07}.Release|Any CPU.Build.0 = Release|Any CPU
		{A0571080-ACA4-4D91-BE70-956D2DE999C4}.Debug|Any CPU.ActiveCfg = Debug|Any CPU
		{A0571080-ACA4-4D91-BE70-956D2DE999C4}.Debug|Any CPU.Build.0 = Debug|Any CPU
		{A0571080-ACA4-4D91-BE70-956D2DE999C4}.Release|Any CPU.ActiveCfg = Release|Any CPU
		{A0571080-ACA4-4D91-BE70-956D2DE999C4}.Release|Any CPU.Build.0 = Release|Any CPU
		{AEA0A2BF-B5A3-4997-A98B-FDA0CB6C21D4}.Debug|Any CPU.ActiveCfg = Debug|Any CPU
		{AEA0A2BF-B5A3-4997-A98B-FDA0CB6C21D4}.Debug|Any CPU.Build.0 = Debug|Any CPU
		{AEA0A2BF-B5A3-4997-A98B-FDA0CB6C21D4}.Release|Any CPU.ActiveCfg = Release|Any CPU
		{AEA0A2BF-B5A3-4997-A98B-FDA0CB6C21D4}.Release|Any CPU.Build.0 = Release|Any CPU
	EndGlobalSection
	GlobalSection(SolutionProperties) = preSolution
		HideSolutionNode = FALSE
	EndGlobalSection
	GlobalSection(ExtensibilityGlobals) = postSolution
		SolutionGuid = {23F84233-C269-4758-B0C8-BA26EA7A5C66}
	EndGlobalSection
EndGlobal
